// !$*UTF8*$!
{
	archiveVersion = 1;
	classes = {
	};
	objectVersion = 50;
	objects = {

/* Begin PBXBuildFile section */
		C7525D0921AE3AB9007BD6FC /* AppDelegate.swift in Sources */ = {isa = PBXBuildFile; fileRef = C7525D0821AE3AB9007BD6FC /* AppDelegate.swift */; };
		C7525D0B21AE3AB9007BD6FC /* ToDoListViewController.swift in Sources */ = {isa = PBXBuildFile; fileRef = C7525D0A21AE3AB9007BD6FC /* ToDoListViewController.swift */; };
		C7525D0E21AE3AB9007BD6FC /* Main.storyboard in Resources */ = {isa = PBXBuildFile; fileRef = C7525D0C21AE3AB9007BD6FC /* Main.storyboard */; };
		C7525D1021AE3ABB007BD6FC /* Assets.xcassets in Resources */ = {isa = PBXBuildFile; fileRef = C7525D0F21AE3ABB007BD6FC /* Assets.xcassets */; };
		C7525D1321AE3ABB007BD6FC /* LaunchScreen.storyboard in Resources */ = {isa = PBXBuildFile; fileRef = C7525D1121AE3ABB007BD6FC /* LaunchScreen.storyboard */; };
		C7CCB0AE21AFDF0600352247 /* Item.swift in Sources */ = {isa = PBXBuildFile; fileRef = C7CCB0AD21AFDF0600352247 /* Item.swift */; };
/* End PBXBuildFile section */

/* Begin PBXFileReference section */
		C7525D0521AE3AB9007BD6FC /* Todoey.app */ = {isa = PBXFileReference; explicitFileType = wrapper.application; includeInIndex = 0; path = Todoey.app; sourceTree = BUILT_PRODUCTS_DIR; };
		C7525D0821AE3AB9007BD6FC /* AppDelegate.swift */ = {isa = PBXFileReference; lastKnownFileType = sourcecode.swift; path = AppDelegate.swift; sourceTree = "<group>"; };
		C7525D0A21AE3AB9007BD6FC /* ToDoListViewController.swift */ = {isa = PBXFileReference; lastKnownFileType = sourcecode.swift; path = ToDoListViewController.swift; sourceTree = "<group>"; };
		C7525D0D21AE3AB9007BD6FC /* Base */ = {isa = PBXFileReference; lastKnownFileType = file.storyboard; name = Base; path = Base.lproj/Main.storyboard; sourceTree = "<group>"; };
		C7525D0F21AE3ABB007BD6FC /* Assets.xcassets */ = {isa = PBXFileReference; lastKnownFileType = folder.assetcatalog; path = Assets.xcassets; sourceTree = "<group>"; };
		C7525D1221AE3ABB007BD6FC /* Base */ = {isa = PBXFileReference; lastKnownFileType = file.storyboard; name = Base; path = Base.lproj/LaunchScreen.storyboard; sourceTree = "<group>"; };
		C7525D1421AE3ABB007BD6FC /* Info.plist */ = {isa = PBXFileReference; lastKnownFileType = text.plist.xml; path = Info.plist; sourceTree = "<group>"; };
		C7CCB0AD21AFDF0600352247 /* Item.swift */ = {isa = PBXFileReference; lastKnownFileType = sourcecode.swift; path = Item.swift; sourceTree = "<group>"; };
/* End PBXFileReference section */

/* Begin PBXFrameworksBuildPhase section */
		C7525D0221AE3AB9007BD6FC /* Frameworks */ = {
			isa = PBXFrameworksBuildPhase;
			buildActionMask = 2147483647;
			files = (
			);
			runOnlyForDeploymentPostprocessing = 0;
		};
/* End PBXFrameworksBuildPhase section */

/* Begin PBXGroup section */
		C7525CFC21AE3AB9007BD6FC = {
			isa = PBXGroup;
			children = (
				C7525D0721AE3AB9007BD6FC /* Todoey */,
				C7525D0621AE3AB9007BD6FC /* Products */,
			);
			sourceTree = "<group>";
		};
		C7525D0621AE3AB9007BD6FC /* Products */ = {
			isa = PBXGroup;
			children = (
				C7525D0521AE3AB9007BD6FC /* Todoey.app */,
			);
			name = Products;
			sourceTree = "<group>";
		};
		C7525D0721AE3AB9007BD6FC /* Todoey */ = {
			isa = PBXGroup;
			children = (
				C7525D0821AE3AB9007BD6FC /* AppDelegate.swift */,
				C7CCB0B021AFDF2500352247 /* Controllers */,
				C7CCB0B121AFDF9B00352247 /* Views */,
				C7CCB0B221AFDFE100352247 /* Supporting Files */,
				C7525D1421AE3ABB007BD6FC /* Info.plist */,
				C7CCB0AF21AFDF0C00352247 /* Data Model */,
			);
			path = Todoey;
			sourceTree = "<group>";
		};
		C7CCB0AF21AFDF0C00352247 /* Data Model */ = {
			isa = PBXGroup;
			children = (
				C7CCB0AD21AFDF0600352247 /* Item.swift */,
			);
			path = "Data Model";
			sourceTree = "<group>";
		};
		C7CCB0B021AFDF2500352247 /* Controllers */ = {
			isa = PBXGroup;
			children = (
				C7525D0A21AE3AB9007BD6FC /* ToDoListViewController.swift */,
			);
			path = Controllers;
			sourceTree = "<group>";
		};
		C7CCB0B121AFDF9B00352247 /* Views */ = {
			isa = PBXGroup;
			children = (
				C7525D0C21AE3AB9007BD6FC /* Main.storyboard */,
			);
			path = Views;
			sourceTree = "<group>";
		};
		C7CCB0B221AFDFE100352247 /* Supporting Files */ = {
			isa = PBXGroup;
			children = (
				C7525D0F21AE3ABB007BD6FC /* Assets.xcassets */,
				C7525D1121AE3ABB007BD6FC /* LaunchScreen.storyboard */,
			);
			path = "Supporting Files";
			sourceTree = "<group>";
		};
/* End PBXGroup section */

/* Begin PBXNativeTarget section */
		C7525D0421AE3AB9007BD6FC /* Todoey */ = {
			isa = PBXNativeTarget;
			buildConfigurationList = C7525D1721AE3ABB007BD6FC /* Build configuration list for PBXNativeTarget "Todoey" */;
			buildPhases = (
				C7525D0121AE3AB9007BD6FC /* Sources */,
				C7525D0221AE3AB9007BD6FC /* Frameworks */,
				C7525D0321AE3AB9007BD6FC /* Resources */,
			);
			buildRules = (
			);
			dependencies = (
			);
			name = Todoey;
			productName = Todoey;
			productReference = C7525D0521AE3AB9007BD6FC /* Todoey.app */;
			productType = "com.apple.product-type.application";
		};
/* End PBXNativeTarget section */

/* Begin PBXProject section */
		C7525CFD21AE3AB9007BD6FC /* Project object */ = {
			isa = PBXProject;
			attributes = {
				LastSwiftUpdateCheck = 1010;
				LastUpgradeCheck = 1010;
				ORGANIZATIONNAME = "Thue Llay";
				TargetAttributes = {
					C7525D0421AE3AB9007BD6FC = {
						CreatedOnToolsVersion = 10.1;
					};
				};
			};
			buildConfigurationList = C7525D0021AE3AB9007BD6FC /* Build configuration list for PBXProject "Todoey" */;
			compatibilityVersion = "Xcode 9.3";
			developmentRegion = en;
			hasScannedForEncodings = 0;
			knownRegions = (
				en,
				Base,
			);
			mainGroup = C7525CFC21AE3AB9007BD6FC;
			productRefGroup = C7525D0621AE3AB9007BD6FC /* Products */;
			projectDirPath = "";
			projectRoot = "";
			targets = (
				C7525D0421AE3AB9007BD6FC /* Todoey */,
			);
		};
/* End PBXProject section */

/* Begin PBXResourcesBuildPhase section */
		C7525D0321AE3AB9007BD6FC /* Resources */ = {
			isa = PBXResourcesBuildPhase;
			buildActionMask = 2147483647;
			files = (
				C7525D1321AE3ABB007BD6FC /* LaunchScreen.storyboard in Resources */,
				C7525D1021AE3ABB007BD6FC /* Assets.xcassets in Resources */,
				C7525D0E21AE3AB9007BD6FC /* Main.storyboard in Resources */,
			);
			runOnlyForDeploymentPostprocessing = 0;
		};
/* End PBXResourcesBuildPhase section */

/* Begin PBXSourcesBuildPhase section */
		C7525D0121AE3AB9007BD6FC /* Sources */ = {
			isa = PBXSourcesBuildPhase;
			buildActionMask = 2147483647;
			files = (
				C7525D0B21AE3AB9007BD6FC /* ToDoListViewController.swift in Sources */,
				C7CCB0AE21AFDF0600352247 /* Item.swift in Sources */,
				C7525D0921AE3AB9007BD6FC /* AppDelegate.swift in Sources */,
			);
			runOnlyForDeploymentPostprocessing = 0;
		};
/* End PBXSourcesBuildPhase section */

/* Begin PBXVariantGroup section */
		C7525D0C21AE3AB9007BD6FC /* Main.storyboard */ = {
			isa = PBXVariantGroup;
			children = (
				C7525D0D21AE3AB9007BD6FC /* Base */,
			);
			name = Main.storyboard;
			sourceTree = "<group>";
		};
		C7525D1121AE3ABB007BD6FC /* LaunchScreen.storyboard */ = {
			isa = PBXVariantGroup;
			children = (
				C7525D1221AE3ABB007BD6FC /* Base */,
			);
			name = LaunchScreen.storyboard;
			sourceTree = "<group>";
		};
/* End PBXVariantGroup section */

/* Begin XCBuildConfiguration section */
		C7525D1521AE3ABB007BD6FC /* Debug */ = {
			isa = XCBuildConfiguration;
			buildSettings = {
				ALWAYS_SEARCH_USER_PATHS = NO;
				CLANG_ANALYZER_NONNULL = YES;
				CLANG_ANALYZER_NUMBER_OBJECT_CONVERSION = YES_AGGRESSIVE;
				CLANG_CXX_LANGUAGE_STANDARD = "gnu++14";
				CLANG_CXX_LIBRARY = "libc++";
				CLANG_ENABLE_MODULES = YES;
				CLANG_ENABLE_OBJC_ARC = YES;
				CLANG_ENABLE_OBJC_WEAK = YES;
				CLANG_WARN_BLOCK_CAPTURE_AUTORELEASING = YES;
				CLANG_WARN_BOOL_CONVERSION = YES;
				CLANG_WARN_COMMA = YES;
				CLANG_WARN_CONSTANT_CONVERSION = YES;
				CLANG_WARN_DEPRECATED_OBJC_IMPLEMENTATIONS = YES;
				CLANG_WARN_DIRECT_OBJC_ISA_USAGE = YES_ERROR;
				CLANG_WARN_DOCUMENTATION_COMMENTS = YES;
				CLANG_WARN_EMPTY_BODY = YES;
				CLANG_WARN_ENUM_CONVERSION = YES;
				CLANG_WARN_INFINITE_RECURSION = YES;
				CLANG_WARN_INT_CONVERSION = YES;
				CLANG_WARN_NON_LITERAL_NULL_CONVERSION = YES;
				CLANG_WARN_OBJC_IMPLICIT_RETAIN_SELF = YES;
				CLANG_WARN_OBJC_LITERAL_CONVERSION = YES;
				CLANG_WARN_OBJC_ROOT_CLASS = YES_ERROR;
				CLANG_WARN_RANGE_LOOP_ANALYSIS = YES;
				CLANG_WARN_STRICT_PROTOTYPES = YES;
				CLANG_WARN_SUSPICIOUS_MOVE = YES;
				CLANG_WARN_UNGUARDED_AVAILABILITY = YES_AGGRESSIVE;
				CLANG_WARN_UNREACHABLE_CODE = YES;
				CLANG_WARN__DUPLICATE_METHOD_MATCH = YES;
				CODE_SIGN_IDENTITY = "iPhone Developer";
				COPY_PHASE_STRIP = NO;
				DEBUG_INFORMATION_FORMAT = dwarf;
				ENABLE_STRICT_OBJC_MSGSEND = YES;
				ENABLE_TESTABILITY = YES;
				GCC_C_LANGUAGE_STANDARD = gnu11;
				GCC_DYNAMIC_NO_PIC = NO;
				GCC_NO_COMMON_BLOCKS = YES;
				GCC_OPTIMIZATION_LEVEL = 0;
				GCC_PREPROCESSOR_DEFINITIONS = (
					"DEBUG=1",
					"$(inherited)",
				);
				GCC_WARN_64_TO_32_BIT_CONVERSION = YES;
				GCC_WARN_ABOUT_RETURN_TYPE = YES_ERROR;
				GCC_WARN_UNDECLARED_SELECTOR = YES;
				GCC_WARN_UNINITIALIZED_AUTOS = YES_AGGRESSIVE;
				GCC_WARN_UNUSED_FUNCTION = YES;
				GCC_WARN_UNUSED_VARIABLE = YES;
				IPHONEOS_DEPLOYMENT_TARGET = 12.1;
				MTL_ENABLE_DEBUG_INFO = INCLUDE_SOURCE;
				MTL_FAST_MATH = YES;
				ONLY_ACTIVE_ARCH = YES;
				SDKROOT = iphoneos;
				SWIFT_ACTIVE_COMPILATION_CONDITIONS = DEBUG;
				SWIFT_OPTIMIZATION_LEVEL = "-Onone";
			};
			name = Debug;
		};
		C7525D1621AE3ABB007BD6FC /* Release */ = {
			isa = XCBuildConfiguration;
			buildSettings = {
				ALWAYS_SEARCH_USER_PATHS = NO;
				CLANG_ANALYZER_NONNULL = YES;
				CLANG_ANALYZER_NUMBER_OBJECT_CONVERSION = YES_AGGRESSIVE;
				CLANG_CXX_LANGUAGE_STANDARD = "gnu++14";
				CLANG_CXX_LIBRARY = "libc++";
				CLANG_ENABLE_MODULES = YES;
				CLANG_ENABLE_OBJC_ARC = YES;
				CLANG_ENABLE_OBJC_WEAK = YES;
				CLANG_WARN_BLOCK_CAPTURE_AUTORELEASING = YES;
				CLANG_WARN_BOOL_CONVERSION = YES;
				CLANG_WARN_COMMA = YES;
				CLANG_WARN_CONSTANT_CONVERSION = YES;
				CLANG_WARN_DEPRECATED_OBJC_IMPLEMENTATIONS = YES;
				CLANG_WARN_DIRECT_OBJC_ISA_USAGE = YES_ERROR;
				CLANG_WARN_DOCUMENTATION_COMMENTS = YES;
				CLANG_WARN_EMPTY_BODY = YES;
				CLANG_WARN_ENUM_CONVERSION = YES;
				CLANG_WARN_INFINITE_RECURSION = YES;
				CLANG_WARN_INT_CONVERSION = YES;
				CLANG_WARN_NON_LITERAL_NULL_CONVERSION = YES;
				CLANG_WARN_OBJC_IMPLICIT_RETAIN_SELF = YES;
				CLANG_WARN_OBJC_LITERAL_CONVERSION = YES;
				CLANG_WARN_OBJC_ROOT_CLASS = YES_ERROR;
				CLANG_WARN_RANGE_LOOP_ANALYSIS = YES;
				CLANG_WARN_STRICT_PROTOTYPES = YES;
				CLANG_WARN_SUSPICIOUS_MOVE = YES;
				CLANG_WARN_UNGUARDED_AVAILABILITY = YES_AGGRESSIVE;
				CLANG_WARN_UNREACHABLE_CODE = YES;
				CLANG_WARN__DUPLICATE_METHOD_MATCH = YES;
				CODE_SIGN_IDENTITY = "iPhone Developer";
				COPY_PHASE_STRIP = NO;
				DEBUG_INFORMATION_FORMAT = "dwarf-with-dsym";
				ENABLE_NS_ASSERTIONS = NO;
				ENABLE_STRICT_OBJC_MSGSEND = YES;
				GCC_C_LANGUAGE_STANDARD = gnu11;
				GCC_NO_COMMON_BLOCKS = YES;
				GCC_WARN_64_TO_32_BIT_CONVERSION = YES;
				GCC_WARN_ABOUT_RETURN_TYPE = YES_ERROR;
				GCC_WARN_UNDECLARED_SELECTOR = YES;
				GCC_WARN_UNINITIALIZED_AUTOS = YES_AGGRESSIVE;
				GCC_WARN_UNUSED_FUNCTION = YES;
				GCC_WARN_UNUSED_VARIABLE = YES;
				IPHONEOS_DEPLOYMENT_TARGET = 12.1;
				MTL_ENABLE_DEBUG_INFO = NO;
				MTL_FAST_MATH = YES;
				SDKROOT = iphoneos;
				SWIFT_COMPILATION_MODE = wholemodule;
				SWIFT_OPTIMIZATION_LEVEL = "-O";
				VALIDATE_PRODUCT = YES;
			};
			name = Release;
		};
		C7525D1821AE3ABB007BD6FC /* Debug */ = {
			isa = XCBuildConfiguration;
			buildSettings = {
				ASSETCATALOG_COMPILER_APPICON_NAME = AppIcon;
				CODE_SIGN_STYLE = Automatic;
				INFOPLIST_FILE = Todoey/Info.plist;
				LD_RUNPATH_SEARCH_PATHS = (
					"$(inherited)",
					"@executable_path/Frameworks",
				);
				PRODUCT_BUNDLE_IDENTIFIER = com.thuellay.Todoey;
				PRODUCT_NAME = "$(TARGET_NAME)";
				SWIFT_VERSION = 4.2;
				TARGETED_DEVICE_FAMILY = "1,2";
			};
			name = Debug;
		};
		C7525D1921AE3ABB007BD6FC /* Release */ = {
			isa = XCBuildConfiguration;
			buildSettings = {
				ASSETCATALOG_COMPILER_APPICON_NAME = AppIcon;
				CODE_SIGN_STYLE = Automatic;
				INFOPLIST_FILE = Todoey/Info.plist;
				LD_RUNPATH_SEARCH_PATHS = (
					"$(inherited)",
					"@executable_path/Frameworks",
				);
				PRODUCT_BUNDLE_IDENTIFIER = com.thuellay.Todoey;
				PRODUCT_NAME = "$(TARGET_NAME)";
				SWIFT_VERSION = 4.2;
				TARGETED_DEVICE_FAMILY = "1,2";
			};
			name = Release;
		};
/* End XCBuildConfiguration section */

/* Begin XCConfigurationList section */
		C7525D0021AE3AB9007BD6FC /* Build configuration list for PBXProject "Todoey" */ = {
			isa = XCConfigurationList;
			buildConfigurations = (
				C7525D1521AE3ABB007BD6FC /* Debug */,
				C7525D1621AE3ABB007BD6FC /* Release */,
			);
			defaultConfigurationIsVisible = 0;
			defaultConfigurationName = Release;
		};
		C7525D1721AE3ABB007BD6FC /* Build configuration list for PBXNativeTarget "Todoey" */ = {
			isa = XCConfigurationList;
			buildConfigurations = (
				C7525D1821AE3ABB007BD6FC /* Debug */,
				C7525D1921AE3ABB007BD6FC /* Release */,
			);
			defaultConfigurationIsVisible = 0;
			defaultConfigurationName = Release;
		};
/* End XCConfigurationList section */
	};
	rootObject = C7525CFD21AE3AB9007BD6FC /* Project object */;
}
